
Microsoft Visual Studio Solution File, Format Version 12.00
# Visual Studio 15
VisualStudioVersion = 15.0.28307.1062
MinimumVisualStudioVersion = 10.0.40219.1
Project("{FAE04EC0-301F-11D3-BF4B-00C04F79EFBC}") = "RandNumberGenerateCsharp", "RandNumberGenerateCsharp\RandNumberGenerateCsharp.csproj", "{DDBF21CF-0925-4884-86C2-3779115E9551}"
EndProject
Project("{8BC9CEB8-8B4A-11D0-8D11-00A0C91BC942}") = "RandomIntegerDLL", "..\RandomIntegerDLL\RandomIntegerDLL\RandomIntegerDLL.vcxproj", "{8C130149-F960-4431-A5D1-B13B04B26D40}"
EndProject
Global
	GlobalSection(SolutionConfigurationPlatforms) = preSolution
		Debug|Any CPU = Debug|Any CPU
		Debug|x64 = Debug|x64
		Debug|x86 = Debug|x86
		Release|Any CPU = Release|Any CPU
		Release|x64 = Release|x64
		Release|x86 = Release|x86
	EndGlobalSection
	GlobalSection(ProjectConfigurationPlatforms) = postSolution
		{DDBF21CF-0925-4884-86C2-3779115E9551}.Debug|Any CPU.ActiveCfg = Debug|Any CPU
		{DDBF21CF-0925-4884-86C2-3779115E9551}.Debug|Any CPU.Build.0 = Debug|Any CPU
		{DDBF21CF-0925-4884-86C2-3779115E9551}.Debug|x64.ActiveCfg = Debug|Any CPU
		{DDBF21CF-0925-4884-86C2-3779115E9551}.Debug|x64.Build.0 = Debug|Any CPU
		{DDBF21CF-0925-4884-86C2-3779115E9551}.Debug|x86.ActiveCfg = Debug|Any CPU
		{DDBF21CF-0925-4884-86C2-3779115E9551}.Debug|x86.Build.0 = Debug|Any CPU
		{DDBF21CF-0925-4884-86C2-3779115E9551}.Release|Any CPU.ActiveCfg = Release|Any CPU
		{DDBF21CF-0925-4884-86C2-3779115E9551}.Release|Any CPU.Build.0 = Release|Any CPU
		{DDBF21CF-0925-4884-86C2-3779115E9551}.Release|x64.ActiveCfg = Release|Any CPU
		{DDBF21CF-0925-4884-86C2-3779115E9551}.Release|x64.Build.0 = Release|Any CPU
		{DDBF21CF-0925-4884-86C2-3779115E9551}.Release|x86.ActiveCfg = Release|Any CPU
		{DDBF21CF-0925-4884-86C2-3779115E9551}.Release|x86.Build.0 = Release|Any CPU
		{8C130149-F960-4431-A5D1-B13B04B26D40}.Debug|Any CPU.ActiveCfg = Debug|Win32
		{8C130149-F960-4431-A5D1-B13B04B26D40}.Debug|x64.ActiveCfg = Debug|x64
		{8C130149-F960-4431-A5D1-B13B04B26D40}.Debug|x64.Build.0 = Debug|x64
		{8C130149-F960-4431-A5D1-B13B04B26D40}.Debug|x86.ActiveCfg = Debug|Win32
		{8C130149-F960-4431-A5D1-B13B04B26D40}.Debug|x86.Build.0 = Debug|Win32
		{8C130149-F960-4431-A5D1-B13B04B26D40}.Release|Any CPU.ActiveCfg = Release|Win32
		{8C130149-F960-4431-A5D1-B13B04B26D40}.Release|x64.ActiveCfg = Release|x64
		{8C130149-F960-4431-A5D1-B13B04B26D40}.Release|x64.Build.0 = Release|x64
		{8C130149-F960-4431-A5D1-B13B04B26D40}.Release|x86.ActiveCfg = Release|Win32
		{8C130149-F960-4431-A5D1-B13B04B26D40}.Release|x86.Build.0 = Release|Win32
	EndGlobalSection
	GlobalSection(SolutionProperties) = preSolution
		HideSolutionNode = FALSE
	EndGlobalSection
	GlobalSection(ExtensibilityGlobals) = postSolution
		SolutionGuid = {54518C12-376B-477C-90AB-F8C7B829421D}
	EndGlobalSection
EndGlobal
